{
  "name": "node-app",
  "version": "1.0.0",
  "lockfileVersion": 1,
  "requires": true,
  "dependencies": {
    "gevorgyan-lib-test": {
      "version": "1.1.0",
      "resolved": "https://registry.npmjs.org/gevorgyan-lib-test/-/gevorgyan-lib-test-1.1.0.tgz",
      "integrity": "sha512-xfu8zG/ABE8CLqgxDxyd6duyecveExjkMAkd9+491Zj2uT9D46Wv79BSxWcTLX5u92JIKdrDkYreoBpmqlYF3w=="
    }
  }
}
